
Microsoft Visual Studio Solution File, Format Version 12.00
# Visual Studio Version 17
VisualStudioVersion = 17.5.002.0
MinimumVisualStudioVersion = 10.0.40219.1
Project("{9A19103F-16F7-4668-BE54-9A1E7A4F7556}") = "DotnetApp", "DotnetApp.csproj", "{5E5409CD-B7F4-41C2-8080-15757CC48B7C}"
EndProject
Global
	GlobalSection(SolutionConfigurationPlatforms) = preSolution
		Debug|Any CPU = Debug|Any CPU
		Release|Any CPU = Release|Any CPU
	EndGlobalSection
	GlobalSection(ProjectConfigurationPlatforms) = postSolution
		{5E5409CD-B7F4-41C2-8080-15757CC48B7C}.Debug|Any CPU.ActiveCfg = Debug|Any CPU
		{5E5409CD-B7F4-41C2-8080-15757CC48B7C}.Debug|Any CPU.Build.0 = Debug|Any CPU
		{5E5409CD-B7F4-41C2-8080-15757CC48B7C}.Release|Any CPU.ActiveCfg = Release|Any CPU
		{5E5409CD-B7F4-41C2-8080-15757CC48B7C}.Release|Any CPU.Build.0 = Release|Any CPU
	EndGlobalSection
	GlobalSection(SolutionProperties) = preSolution
		HideSolutionNode = FALSE
	EndGlobalSection
	GlobalSection(ExtensibilityGlobals) = postSolution
		SolutionGuid = {5B2EF45D-C6C3-42BA-8DE8-3044289094DF}
	EndGlobalSection
EndGlobal
